Microsoft Visual Studio Solution File, Format Version 12.00
# Visual Studio Version 17
VisualStudioVersion = 17.5.2.0
MinimumVisualStudioVersion = 10.0.40219.1
Project("{FAE04EC0-301F-11D3-BF4B-00C04F79EFBC}") = "InventoryApp", "InventoryApp\InventoryApp.csproj", "{F45793C2-158B-F75D-3F78-7DD5691D780F}"
EndProject
Global
	GlobalSection(SolutionConfigurationPlatforms) = preSolution
		Debug|Any CPU = Debug|Any CPU
		Release|Any CPU = Release|Any CPU
	EndGlobalSection
	GlobalSection(ProjectConfigurationPlatforms) = postSolution
		{F45793C2-158B-F75D-3F78-7DD5691D780F}.Debug|Any CPU.ActiveCfg = Debug|Any CPU
		{F45793C2-158B-F75D-3F78-7DD5691D780F}.Debug|Any CPU.Build.0 = Debug|Any CPU
		{F45793C2-158B-F75D-3F78-7DD5691D780F}.Release|Any CPU.ActiveCfg = Release|Any CPU
		{F45793C2-158B-F75D-3F78-7DD5691D780F}.Release|Any CPU.Build.0 = Release|Any CPU
	EndGlobalSection
	GlobalSection(SolutionProperties) = preSolution
		HideSolutionNode = FALSE
	EndGlobalSection
	GlobalSection(ExtensibilityGlobals) = postSolution
		SolutionGuid = {E23F70E4-C2E0-4AF0-8291-022EF166FD4E}
	EndGlobalSection
EndGlobal
